
Microsoft Visual Studio Solution File, Format Version 12.00
# Visual Studio Version 17
VisualStudioVersion = 17.11.35303.130
MinimumVisualStudioVersion = 10.0.40219.1
Project("{FAE04EC0-301F-11D3-BF4B-00C04F79EFBC}") = "OOP_Labb4", "OOP_Labb4\OOP_Labb4.csproj", "{9E5CBA35-EAE2-4620-B571-912102E38C40}"
EndProject
Global
	GlobalSection(SolutionConfigurationPlatforms) = preSolution
		Debug|Any CPU = Debug|Any CPU
		Release|Any CPU = Release|Any CPU
	EndGlobalSection
	GlobalSection(ProjectConfigurationPlatforms) = postSolution
		{9E5CBA35-EAE2-4620-B571-912102E38C40}.Debug|Any CPU.ActiveCfg = Debug|Any CPU
		{9E5CBA35-EAE2-4620-B571-912102E38C40}.Debug|Any CPU.Build.0 = Debug|Any CPU
		{9E5CBA35-EAE2-4620-B571-912102E38C40}.Release|Any CPU.ActiveCfg = Release|Any CPU
		{9E5CBA35-EAE2-4620-B571-912102E38C40}.Release|Any CPU.Build.0 = Release|Any CPU
	EndGlobalSection
	GlobalSection(SolutionProperties) = preSolution
		HideSolutionNode = FALSE
	EndGlobalSection
	GlobalSection(ExtensibilityGlobals) = postSolution
		SolutionGuid = {A2C9127F-168A-4B66-BF9C-6CC687716089}
	EndGlobalSection
EndGlobal
